{
    "_meta": {
        "hash": {
            "sha256": "bde8ba9fef9713f215e8be25b22eb9a74470d1f31fbf124d17013daab655b523"
        },
        "pipfile-spec": 6,
        "requires": {
            "python_version": "3.13"
        },
        "sources": [
            {
                "name": "pypi",
                "url": "https://pypi.org/simple",
                "verify_ssl": true
            }
        ]
    },
    "default": {
        "matplotlib": {
            "hashes": [
                "sha256:01d2b19f13aeec2e759414d3bfe19ddfb16b13a1250add08d46d5ff6f9be83c6",
                "sha256:12eaf48463b472c3c0f8dbacdbf906e573013df81a0ab82f0616ea4b11281908",
                "sha256:2c5829a5a1dd5a71f0e31e6e8bb449bc0ee9dbfb05ad28fc0c6b55101b3a4be6",
                "sha256:2fbbabc82fde51391c4da5006f965e36d86d95f6ee83fb594b279564a4c5d0d2",
                "sha256:3547d153d70233a8496859097ef0312212e2689cdf8d7ed764441c77604095ae",
                "sha256:359f87baedb1f836ce307f0e850d12bb5f1936f70d035561f90d41d305fdacea",
                "sha256:3b427392354d10975c1d0f4ee18aa5844640b512d5311ef32efd4dd7db106ede",
                "sha256:4659665bc7c9b58f8c00317c3c2a299f7f258eeae5a5d56b4c64226fca2f7c59",
                "sha256:4673ff67a36152c48ddeaf1135e74ce0d4bce1bbf836ae40ed39c29edf7e2765",
                "sha256:503feb23bd8c8acc75541548a1d709c059b7184cde26314896e10a9f14df5f12",
                "sha256:5439f4c5a3e2e8eab18e2f8c3ef929772fd5641876db71f08127eed95ab64683",
                "sha256:5cdbaf909887373c3e094b0318d7ff230b2ad9dcb64da7ade654182872ab2593",
                "sha256:5e6c6461e1fc63df30bf6f80f0b93f5b6784299f721bc28530477acd51bfc3d1",
                "sha256:5fd41b0ec7ee45cd960a8e71aea7c946a28a0b8a4dcee47d2856b2af051f334c",
                "sha256:607b16c8a73943df110f99ee2e940b8a1cbf9714b65307c040d422558397dac5",
                "sha256:7e8632baebb058555ac0cde75db885c61f1212e47723d63921879806b40bec6a",
                "sha256:81713dd0d103b379de4516b861d964b1d789a144103277769238c732229d7f03",
                "sha256:845d96568ec873be63f25fa80e9e7fae4be854a66a7e2f0c8ccc99e94a8bd4ef",
                "sha256:95b710fea129c76d30be72c3b38f330269363fbc6e570a5dd43580487380b5ff",
                "sha256:96f2886f5c1e466f21cc41b70c5a0cd47bfa0015eb2d5793c88ebce658600e25",
                "sha256:994c07b9d9fe8d25951e3202a68c17900679274dadfc1248738dcfa1bd40d7f3",
                "sha256:9ade1003376731a971e398cc4ef38bb83ee8caf0aee46ac6daa4b0506db1fd06",
                "sha256:9b0558bae37f154fffda54d779a592bc97ca8b4701f1c710055b609a3bac44c8",
                "sha256:a2a43cbefe22d653ab34bb55d42384ed30f611bcbdea1f8d7f431011a2e1c62e",
                "sha256:a994f29e968ca002b50982b27168addfd65f0105610b6be7fa515ca4b5307c95",
                "sha256:ad2e15300530c1a94c63cfa546e3b7864bd18ea2901317bae8bbf06a5ade6dcf",
                "sha256:ae80dc3a4add4665cf2faa90138384a7ffe2a4e37c58d83e115b54287c4f06ef",
                "sha256:b886d02a581b96704c9d1ffe55709e49b4d2d52709ccebc4be42db856e511278",
                "sha256:c40ba2eb08b3f5de88152c2333c58cee7edcead0a2a0d60fcafa116b17117adc",
                "sha256:c55b20591ced744aa04e8c3e4b7543ea4d650b6c3c4b208c08a05b4010e8b442",
                "sha256:c58a9622d5dbeb668f407f35f4e6bfac34bb9ecdcc81680c04d0258169747997",
                "sha256:d44cb942af1693cced2604c33a9abcef6205601c445f6d0dc531d813af8a2f5a",
                "sha256:d907fddb39f923d011875452ff1eca29a9e7f21722b873e90db32e5d8ddff12e",
                "sha256:fd44fc75522f58612ec4a33958a7e5552562b7705b42ef1b4f8c0818e304a363"
            ],
            "markers": "implementation_name == 'cpython' and sys_platform == 'linux'",
            "version": "==3.10.0"
        },
        "src": {
            "editable": true,
            "path": "./src"
        },
        "wordcloud": {
            "hashes": [
                "sha256:046300566df97b48640bd3efd94957a56941ada98cc23f811bc3f9b6a0ac1350",
                "sha256:0ac3d87627022fb8cce17297298be96c91185edd55ecf8906f89f981b55974f0",
                "sha256:17f944805a17b8343eb877c9aa1dc9e5339eb14c02dd00ec80feccea899bbf81",
                "sha256:1b1c29a0089ee90778700cc96305fa830a6a5bbb342eaaa59d6ac8d37a9b232f",
                "sha256:22357990a01d87579dbd38a06c2a5c7b601179c4e17517b1b8f73d25faa6a5ed",
                "sha256:2367ec70b2f195c278f91caf4674871ee9218eb57250e01a02b986d34e55f88e",
                "sha256:2b129584327ba21d05869fcf9495f10f7b31a34a580c431c4942a71ce2317e79",
                "sha256:2e509c4588ae2ce47ee5cc5cf353422e7f7ecc38f450998654ed50565c8a550d",
                "sha256:3092bf85cb20158c8b90d78650dc0226985109ac6fe13a0086ac47b9581b62ce",
                "sha256:30b1a59b9073eaaa4f2b0f27d5b6b6c3eb6aaa3a6e0b3dbb2220036b25b37dac",
                "sha256:34843fa49135c4ed3739dea050696e707fd00e7335ee4ed62c33639589f90adf",
                "sha256:3585ab8f4f09f1508f2d351ed48f9b56472ae26eaf6e2d2e76e975abd715d7a2",
                "sha256:360977705d0808a1795fcbe98afb5dc4833cb4bb8e421cbb10e93ef0bce816ff",
                "sha256:37dcd5500cc2ea02950739390e89e2efa6624c2f54b5e2df1ee961fce685b2d7",
                "sha256:38ee69d9404504cf2419d60c3017af7ab9e88f4ba6cf47bc1c96b2d5e58ef513",
                "sha256:3910494ce5acb27731fd5678d146e8aa8f588d5fdb455810c817ff4b84ee0f67",
                "sha256:3a99f96efe5983c6eed17abb8766ced713ddf18b26450da74addc91570922e62",
                "sha256:3f3dc2dacca48eac9b130a8938b473db81cfbeeb1a738530a7098913941a8211",
                "sha256:42affa75c1b033cb0a0afb674f653c4af16d51d97a0852c5770b659b903d9af5",
                "sha256:489079ef173fe83ccff8baffd7a3c2d5fedfd31221c25ad21b4de770ea37b49f",
                "sha256:526dfd822600f158210a191a59cc4bdcaaa1ff05ab2aa199040d857a518b1db6",
                "sha256:57ad8064a634a4870fcd00a9694c0a7839c6dfbac3d32522c69d5e1e9cbfd911",
                "sha256:61a153e76d73c72f5cc6c89ee80ddad70758a207c3c6b1d86be8635ec70164f1",
                "sha256:61a84e7311fce8415943edcb7b2ba65b4bfec1dc6dff8fe5a8ea76e278447fb2",
                "sha256:61fc126ed9ce8d55bf20acbdc00284f5a6da66900197a2dd7b62c5ac37585ac5",
                "sha256:6570cc4e48e8e951d24ef6599cd8bf7ff405fbe995ff6d596bcdfa290a6206a8",
                "sha256:665f8e7de3dcc1e43aa5bdd9560d56ed51026ba638a33472eede2b9051108adb",
                "sha256:6a30ed8aa50b98edb113f72ef619581c221ba3678adeeed88345263c90092561",
                "sha256:7c1cd2a6ef876f5f9fe0255e44f131a6113f883447ed1cf8bdb86f569603bac9",
                "sha256:8009f53ba0c3b2d6f2b1dad83e0fb165ebcdfbd000ce62ebe0917106f51d975d",
                "sha256:80773ec6a9caa2048602bc347151e3b6e68e1d8fab148dfd0d2e7d4302ce5c01",
                "sha256:81bbe75b2725730bf5cbabfe86a5c38960e7ce1166f76ba7001964d8de50b3a7",
                "sha256:85368249df056527f1b64e80e68636abb61f0f6bd2d1c430894d2af1feea7f73",
                "sha256:885d51d20cc7b0dad2306fb76b867de20e759e005a1a6e183f3865b5e5f53985",
                "sha256:88c4c99f43b13df0e812fac0e4680cca2afd3ce16ade506812127ed7c7b9d132",
                "sha256:8a685babefe032716c1a00b7d8cec3f6bfdc1c89fd839578432fc53824a02fea",
                "sha256:8c9a5af2fbcf029a19e827adbee58e86efe7536dca7a42380a8601113a86069b",
                "sha256:8e8752750726f31385f364823d3ef1d9c8ec829e5c07706c36beb40679945c71",
                "sha256:914745f0312d248c1a0e1f16ae7b3ce82f78924a2b050ca912d2453c62586da4",
                "sha256:96b801fe4b2aa39bb6c5e68b4a74c81fd8996dd5fb5cea31fda518dc5f77ad82",
                "sha256:990dfd6dd43a1c7fa156be865eb98aba167a986b65f56cbf50e24772107fcd70",
                "sha256:9955223708f196c1e431ae3b86074409bc256c5868e4f50eb9c36c6f06f8b1a3",
                "sha256:9c39351d2cffc15e3794f7afab78e9135d700f61c5b51904c55d9f3729d1a0df",
                "sha256:9ec6ffba61ca20123e7c09103a5692bbc3163f75ee0bdc7893e80e0e2786ccd2",
                "sha256:a62627e5b081b23a4586104d4b01d064db7b53342ae123b511326585eaf7433c",
                "sha256:a70fe8999cd63aec64daa0377b720be6e5ff344963b828caeb4c2a081599a3a0",
                "sha256:a936b8e03c32cc84c99ad8f1bdaf261dfef6c44d31ca5b0c7d0df147220dbb3c",
                "sha256:ac32b851a19b7d2a9ee5e0aebc8210bf16eadc42c5c0da82e36d447552c8ec48",
                "sha256:af168eeaed67a675f35b5668a7804c4d64f8e4f62a273b909eb5cc39efc4c294",
                "sha256:b273d8a5ded97d3ead904046b49464dcb71119ee79df875072a4c105cadd347a",
                "sha256:b27759f12dd235468ff8c1df875b106b23dbf2c74aae05cdcdc3ccd8e23ea89c",
                "sha256:b38aae2ff7aa10ad00d57a5b87ed4a573ef04dbc9119d4a304349c9cb3e03b6e",
                "sha256:b78b9fb292a243cf8fcdf63b9cc1fd157ec6abbf1a6e675303668b85e948f616",
                "sha256:bd7caefe91d4084c1608d816052eeb605d9a7aee0c908f3a9d7421ee6363bde0",
                "sha256:c20fbb51af2046c940b4fead4bafffc30b4191f5fb477c3af844446d8956bfd4",
                "sha256:c3057be0d071afd57afb9be84fec767abdd78eac6396ead0f0f55c6775170945",
                "sha256:c7b8536955f5026b0587ff829265392185b6b4bc923f2ed933c805fcac412b28",
                "sha256:ca95392bba150190cca8df4a97854b554bdeb28007f28bf4698bd7e1af91b310",
                "sha256:cdc4aac2bcce77fd91dbfe91db5a8c0cdc239e10d8954356d2ebf79a3b43646c",
                "sha256:d6104a52936886dbc785844ab6986b5321a312238abb242ee4062c7b3fdcca7c",
                "sha256:d7d0b89c2ada0e65d84a6ebbdd8d36876b5da1a143cce2f7dcdaff6714232d24",
                "sha256:ddfb852f551681f5e33feb934505e060952b6aa98aaa48c781cdbf101f84e7cc",
                "sha256:e0876722c35cf4d5d7717ab81ba98b946e07b0e869252248fdd9ea1fd6c977cc",
                "sha256:e137493365770f59655c7308ff76addc95ada2c6bd50ac119e4c33091e2e4e08",
                "sha256:e4942fbed48a88a0c42c5b0a057651fc09d26b31be8b6c069adaaa5051836040",
                "sha256:e5b2f7195adef0a071dc24a568d8a7715bc5cf5d752b4560f51da3aa4467dcf8",
                "sha256:ea14858973ad8561a20a5475eb8d7ad33622bc5f27c60206fbb3e10a036cee26",
                "sha256:eed94b42676f4cfa9b9bdac777e3a1f046b16250216dd8ddcb583c4b6e4b1286",
                "sha256:f369ae7bef16341c2bb208e658d5e4c56517046eb6176f89ac95525eaf8ace09",
                "sha256:f51ab42c00bc4782ab45701de45226a269ca0850df14e1bd63a60da73271724e",
                "sha256:f5cc5c902dc2492b9fc0e29a1f5c688422d7e6eb9e5c0e43f0331d1c8e1341ba",
                "sha256:f733cca468eae79af83cdda1de2434f1799cefef461ed892e7679d5a4c929fa1"
            ],
            "index": "pypi",
            "markers": "implementation_name == 'cpython' and sys_platform == 'linux'",
            "version": "==1.9.4"
        }
    },
    "develop": {}
}
